
Microsoft Visual Studio Solution File, Format Version 12.00
# Visual Studio Version 16
VisualStudioVersion = 16.0.31515.178
MinimumVisualStudioVersion = 10.0.40219.1
Project("{9A19103F-16F7-4668-BE54-9A1E7A4F7556}") = "space_planet_sandbox", "space-planet-sandbox\space_planet_sandbox.csproj", "{E9BA0A7A-C104-4A07-BC2E-C3A874FF2FF1}"
EndProject
Global
	GlobalSection(SolutionConfigurationPlatforms) = preSolution
		Debug|Any CPU = Debug|Any CPU
		Release|Any CPU = Release|Any CPU
	EndGlobalSection
	GlobalSection(ProjectConfigurationPlatforms) = postSolution
		{E9BA0A7A-C104-4A07-BC2E-C3A874FF2FF1}.Debug|Any CPU.ActiveCfg = Debug|Any CPU
		{E9BA0A7A-C104-4A07-BC2E-C3A874FF2FF1}.Debug|Any CPU.Build.0 = Debug|Any CPU
		{E9BA0A7A-C104-4A07-BC2E-C3A874FF2FF1}.Release|Any CPU.ActiveCfg = Release|Any CPU
		{E9BA0A7A-C104-4A07-BC2E-C3A874FF2FF1}.Release|Any CPU.Build.0 = Release|Any CPU
	EndGlobalSection
	GlobalSection(SolutionProperties) = preSolution
		HideSolutionNode = FALSE
	EndGlobalSection
	GlobalSection(ExtensibilityGlobals) = postSolution
		SolutionGuid = {C20C81BF-FF78-48BA-81CF-23A46D853291}
	EndGlobalSection
EndGlobal
